{
  "name": "vite-playcanvas-starter",
  "version": "0.0.0",
  "lockfileVersion": 3,
  "requires": true,
  "packages": {
    "": {
      "name": "vite-playcanvas-starter",
      "version": "0.0.0",
      "dependencies": {
        "@bitbybit-dev/playcanvas": "0.21.0",
        "playcanvas": "2.14.4"
      },
      "devDependencies": {
        "typescript": "~5.8.3",
        "vite": "^6.3.2"
      }
    },
    "node_modules/@bitbybit-dev/base": {
      "version": "0.21.0",
      "resolved": "https://registry.npmjs.org/@bitbybit-dev/base/-/base-0.21.0.tgz",
      "integrity": "sha512-dNfsf2tu3/QUD1mvZzzTze8RwHyK2Jrt+Ary8EDKdNKMw+abtCpQYNerdrg0ZQPxvwu/OOQz6N1xCsCwsPkQJg==",
      "license": "MIT"
    },
    "node_modules/@bitbybit-dev/core": {
      "version": "0.21.0",
      "resolved": "https://registry.npmjs.org/@bitbybit-dev/core/-/core-0.21.0.tgz",
      "integrity": "sha512-IbeQ8ROreu0/RkkngUE+Eb19ecvqKOWhGefXvIqQmplxt3zEc0FI4Kw8wR3vYl2XMannuVt1xAIYtqqH0tjBzg==",
      "license": "MIT",
      "dependencies": {
        "@bitbybit-dev/base": "0.21.0",
        "@bitbybit-dev/jscad-worker": "0.21.0",
        "@bitbybit-dev/manifold-worker": "0.21.0",
        "@bitbybit-dev/occt-worker": "0.21.0",
        "jsonpath-plus": "10.1.0",
        "rxjs": "7.5.5",
        "verb-nurbs-web": "2.1.3"
      }
    },
    "node_modules/@bitbybit-dev/jscad": {
      "version": "0.21.0",
      "resolved": "https://registry.npmjs.org/@bitbybit-dev/jscad/-/jscad-0.21.0.tgz",
      "integrity": "sha512-Q7eE2ILrJRstW4L1711aJZdpwPf1kuhZJqB+KLkkBLsneRsGsh82lBcCbVYAOMuF/q8Lnd4JHxPiIG/m+LYmPQ==",
      "license": "MIT",
      "dependencies": {
        "@bitbybit-dev/base": "0.21.0",
        "@jscad/3mf-serializer": "2.1.12",
        "@jscad/dxf-serializer": "2.1.18",
        "@jscad/io-utils": "2.0.28",
        "@jscad/modeling": "2.12.3",
        "@jscad/stl-serializer": "2.1.18"
      }
    },
    "node_modules/@bitbybit-dev/jscad-worker": {
      "version": "0.21.0",
      "resolved": "https://registry.npmjs.org/@bitbybit-dev/jscad-worker/-/jscad-worker-0.21.0.tgz",
      "integrity": "sha512-nIvd7GH5Gg51u6PmFXOADXVYTIvixTkNf0YapS1uix7D2JS9Mx10Z4wHAeRKzvJxUAAbEPPRFNkakE22HFGtLQ==",
      "license": "MIT",
      "dependencies": {
        "@bitbybit-dev/jscad": "0.21.0",
        "rxjs": "7.5.5"
      }
    },
    "node_modules/@bitbybit-dev/manifold": {
      "version": "0.21.0",
      "resolved": "https://registry.npmjs.org/@bitbybit-dev/manifold/-/manifold-0.21.0.tgz",
      "integrity": "sha512-DPpwK9ESB+auDeAbzXcfWRVEzWoMDkpkjc+/uwh+zuSiHSx92PSkzx1/LVTbQCsK+aOfOOy03HQCF5Bu2KQYtw==",
      "license": "MIT",
      "dependencies": {
        "@bitbybit-dev/base": "0.21.0",
        "manifold-3d": "3.3.2"
      }
    },
    "node_modules/@bitbybit-dev/manifold-worker": {
      "version": "0.21.0",
      "resolved": "https://registry.npmjs.org/@bitbybit-dev/manifold-worker/-/manifold-worker-0.21.0.tgz",
      "integrity": "sha512-6Cqv3BP+uI8mHKHI6Jx9TzCxRg1/kMHhCe18+B3KD/rTl9B5mnScCKRBnDansR3bH7aYZGnIw9PmiFnWLkQWEQ==",
      "license": "MIT",
      "dependencies": {
        "@bitbybit-dev/manifold": "0.21.0",
        "rxjs": "7.5.5"
      }
    },
    "node_modules/@bitbybit-dev/occt": {
      "version": "0.21.0",
      "resolved": "https://registry.npmjs.org/@bitbybit-dev/occt/-/occt-0.21.0.tgz",
      "integrity": "sha512-vPu3NmF1kBZMOkOdysolGfFxEEnwdHNGORoX3eWbMWT2JL/Tag5Q2CAc5jwa2VvZnS1nE/9x+DVlFQSo8LQnIg==",
      "license": "MIT",
      "dependencies": {
        "@bitbybit-dev/base": "0.21.0"
      }
    },
    "node_modules/@bitbybit-dev/occt-worker": {
      "version": "0.21.0",
      "resolved": "https://registry.npmjs.org/@bitbybit-dev/occt-worker/-/occt-worker-0.21.0.tgz",
      "integrity": "sha512-xG1sgo6q/RdVA8AgG72wPe4qxcQlrO1V7/Ksn6MqIhZVTsJcm5RbVYlK+nziIWhvlMc1sKE0GNQFcPdALISLuQ==",
      "license": "MIT",
      "dependencies": {
        "@bitbybit-dev/occt": "0.21.0",
        "rxjs": "7.5.5"
      }
    },
    "node_modules/@bitbybit-dev/playcanvas": {
      "version": "0.21.0",
      "resolved": "https://registry.npmjs.org/@bitbybit-dev/playcanvas/-/playcanvas-0.21.0.tgz",
      "integrity": "sha512-h9n4PAfh+ZUwT71FdDpx1zFOMsMjERL6UB6uY9NQ3bGROwF84RufvmGMxYYPLtkuqk1Es3Yj2LCD4DeV2kyyng==",
      "license": "MIT",
      "dependencies": {
        "@bitbybit-dev/core": "0.21.0",
        "playcanvas": "2.14.4"
      }
    },
    "node_modules/@esbuild/darwin-arm64": {
      "version": "0.25.3",
      "cpu": [
        "arm64"
      ],
      "dev": true,
      "license": "MIT",
      "optional": true,
      "os": [
        "darwin"
      ],
      "engines": {
        "node": ">=18"
      }
    },
    "node_modules/@gltf-transform/core": {
      "version": "4.2.1",
      "license": "MIT",
      "dependencies": {
        "property-graph": "^3.0.0"
      },
      "funding": {
        "url": "https://github.com/sponsors/donmccurdy"
      }
    },
    "node_modules/@gltf-transform/extensions": {
      "version": "4.2.1",
      "license": "MIT",
      "dependencies": {
        "@gltf-transform/core": "^4.2.1",
        "ktx-parse": "^1.0.1"
      },
      "funding": {
        "url": "https://github.com/sponsors/donmccurdy"
      }
    },
    "node_modules/@gltf-transform/functions": {
      "version": "4.2.1",
      "license": "MIT",
      "dependencies": {
        "@gltf-transform/core": "^4.2.1",
        "@gltf-transform/extensions": "^4.2.1",
        "ktx-parse": "^1.0.1",
        "ndarray": "^1.0.19",
        "ndarray-lanczos": "^0.3.0",
        "ndarray-pixels": "^5.0.1"
      },
      "funding": {
        "url": "https://github.com/sponsors/donmccurdy"
      }
    },
    "node_modules/@img/colour": {
      "version": "1.0.0",
      "license": "MIT",
      "engines": {
        "node": ">=18"
      }
    },
    "node_modules/@img/sharp-darwin-arm64": {
      "version": "0.34.5",
      "cpu": [
        "arm64"
      ],
      "license": "Apache-2.0",
      "optional": true,
      "os": [
        "darwin"
      ],
      "engines": {
        "node": "^18.17.0 || ^20.3.0 || >=21.0.0"
      },
      "funding": {
        "url": "https://opencollective.com/libvips"
      },
      "optionalDependencies": {
        "@img/sharp-libvips-darwin-arm64": "1.2.4"
      }
    },
    "node_modules/@img/sharp-libvips-darwin-arm64": {
      "version": "1.2.4",
      "cpu": [
        "arm64"
      ],
      "license": "LGPL-3.0-or-later",
      "optional": true,
      "os": [
        "darwin"
      ],
      "funding": {
        "url": "https://opencollective.com/libvips"
      }
    },
    "node_modules/@jridgewell/resolve-uri": {
      "version": "3.1.2",
      "license": "MIT",
      "engines": {
        "node": ">=6.0.0"
      }
    },
    "node_modules/@jridgewell/sourcemap-codec": {
      "version": "1.5.5",
      "license": "MIT"
    },
    "node_modules/@jridgewell/trace-mapping": {
      "version": "0.3.31",
      "license": "MIT",
      "dependencies": {
        "@jridgewell/resolve-uri": "^3.1.0",
        "@jridgewell/sourcemap-codec": "^1.4.14"
      }
    },
    "node_modules/@jscad/3mf-serializer": {
      "version": "2.1.12",
      "resolved": "https://registry.npmjs.org/@jscad/3mf-serializer/-/3mf-serializer-2.1.12.tgz",
      "integrity": "sha512-+rxAIKIHCpaplupwwsdXtG1IdimPXFFB45nrjy6gdFHi36bEQW6y/RQD/ngenRiKnYSxu7/M0LatHcjve8z64A==",
      "license": "MIT",
      "dependencies": {
        "@jscad/array-utils": "2.1.4",
        "@jscad/modeling": "2.12.3",
        "fflate": "0.7.3",
        "onml": "1.2.0"
      }
    },
    "node_modules/@jscad/array-utils": {
      "version": "2.1.4",
      "resolved": "https://registry.npmjs.org/@jscad/array-utils/-/array-utils-2.1.4.tgz",
      "integrity": "sha512-c31r4zSKsE+4Xfwk2V8monDA0hx5G89QGzaakWVUvuGNowYS9WSsYCwHiTIXodjR+HEnDu4okQ7k/whmP0Ne2g==",
      "license": "MIT"
    },
    "node_modules/@jscad/dxf-serializer": {
      "version": "2.1.18",
      "resolved": "https://registry.npmjs.org/@jscad/dxf-serializer/-/dxf-serializer-2.1.18.tgz",
      "integrity": "sha512-T5Qe2jbEphcWAk7GaOY8PCMD4DPhTm6gWk/MPJCExphhnUwJqcU/1RiMb5hiD+N6hHzmlxD59I8QTjlp9LbLSA==",
      "license": "MIT",
      "dependencies": {
        "@jscad/array-utils": "2.1.4",
        "@jscad/modeling": "2.12.3"
      }
    },
    "node_modules/@jscad/io-utils": {
      "version": "2.0.28",
      "resolved": "https://registry.npmjs.org/@jscad/io-utils/-/io-utils-2.0.28.tgz",
      "integrity": "sha512-spXh37wAgmwjKztoH/HANLgImcqRHX5+H/cRIxPfpqDIWvu7I5bRg2ZTwh25SYlKIzxPk4qX5Nu7Ax5+Kg+QXQ==",
      "license": "MIT"
    },
    "node_modules/@jscad/modeling": {
      "version": "2.12.3",
      "resolved": "https://registry.npmjs.org/@jscad/modeling/-/modeling-2.12.3.tgz",
      "integrity": "sha512-DnAacXq3zhlYWIixGlFD7RMpgZAMuCaMZNQov0NaoFfs2GaBuTC5eqkqKcEVbhEerBmTllbjjF5IXjJMt9jcOA==",
      "license": "MIT"
    },
    "node_modules/@jscad/stl-serializer": {
      "version": "2.1.18",
      "resolved": "https://registry.npmjs.org/@jscad/stl-serializer/-/stl-serializer-2.1.18.tgz",
      "integrity": "sha512-pz++TRjHI7jBPnnxQUi4B/uYUG3yCDsKlw8+xL2kumwjb+auc6Ng6Rnr/GqUTkgHrnGut08wg/8AekyWjvBwYg==",
      "license": "MIT",
      "dependencies": {
        "@jscad/array-utils": "2.1.4",
        "@jscad/modeling": "2.12.3"
      }
    },
    "node_modules/@jscadui/3mf-export": {
      "version": "0.5.0",
      "license": "MIT"
    },
    "node_modules/@jsep-plugin/assignment": {
      "version": "1.3.0",
      "resolved": "https://registry.npmjs.org/@jsep-plugin/assignment/-/assignment-1.3.0.tgz",
      "integrity": "sha512-VVgV+CXrhbMI3aSusQyclHkenWSAm95WaiKrMxRFam3JSUiIaQjoMIw2sEs/OX4XifnqeQUN4DYbJjlA8EfktQ==",
      "license": "MIT",
      "engines": {
        "node": ">= 10.16.0"
      },
      "peerDependencies": {
        "jsep": "^0.4.0||^1.0.0"
      }
    },
    "node_modules/@jsep-plugin/regex": {
      "version": "1.0.4",
      "resolved": "https://registry.npmjs.org/@jsep-plugin/regex/-/regex-1.0.4.tgz",
      "integrity": "sha512-q7qL4Mgjs1vByCaTnDFcBnV9HS7GVPJX5vyVoCgZHNSC9rjwIlmbXG5sUuorR5ndfHAIlJ8pVStxvjXHbNvtUg==",
      "license": "MIT",
      "engines": {
        "node": ">= 10.16.0"
      },
      "peerDependencies": {
        "jsep": "^0.4.0||^1.0.0"
      }
    },
    "node_modules/@rollup/rollup-darwin-arm64": {
      "version": "4.40.1",
      "cpu": [
        "arm64"
      ],
      "dev": true,
      "license": "MIT",
      "optional": true,
      "os": [
        "darwin"
      ]
    },
    "node_modules/@types/estree": {
      "version": "1.0.7",
      "dev": true,
      "license": "MIT"
    },
    "node_modules/@types/ndarray": {
      "version": "1.0.14",
      "license": "MIT"
    },
    "node_modules/@types/webxr": {
      "version": "0.5.24",
      "resolved": "https://registry.npmjs.org/@types/webxr/-/webxr-0.5.24.tgz",
      "integrity": "sha512-h8fgEd/DpoS9CBrjEQXR+dIDraopAEfu4wYVNY2tEPwk60stPWhvZMf4Foo5FakuQ7HFZoa8WceaWFervK2Ovg==",
      "license": "MIT"
    },
    "node_modules/@webgpu/types": {
      "version": "0.1.68",
      "resolved": "https://registry.npmjs.org/@webgpu/types/-/types-0.1.68.tgz",
      "integrity": "sha512-3ab1B59Ojb6RwjOspYLsTpCzbNB3ZaamIAxBMmvnNkiDoLTZUOBXZ9p5nAYVEkQlDdf6qAZWi1pqj9+ypiqznA==",
      "license": "BSD-3-Clause"
    },
    "node_modules/base64-js": {
      "version": "1.5.1",
      "resolved": "https://registry.npmjs.org/base64-js/-/base64-js-1.5.1.tgz",
      "integrity": "sha512-AKpaYlHn8t4SVbOHCy+b5+KKgvR4vrsD8vbvrbiQJps7fKDTkjkDry6ji0rUJjC0kzbNePLwzxq8iypo41qeWA==",
      "funding": [
        {
          "type": "github",
          "url": "https://github.com/sponsors/feross"
        },
        {
          "type": "patreon",
          "url": "https://www.patreon.com/feross"
        },
        {
          "type": "consulting",
          "url": "https://feross.org/support"
        }
      ],
      "license": "MIT",
      "optional": true
    },
    "node_modules/bindings": {
      "version": "1.5.0",
      "resolved": "https://registry.npmjs.org/bindings/-/bindings-1.5.0.tgz",
      "integrity": "sha512-p2q/t/mhvuOj/UeLlV6566GD/guowlr0hHxClI0W9m7MWYkL1F0hLo+0Aexs9HSPCtR1SXQ0TD3MMKrXZajbiQ==",
      "license": "MIT",
      "optional": true,
      "dependencies": {
        "file-uri-to-path": "1.0.0"
      }
    },
    "node_modules/bl": {
      "version": "4.1.0",
      "resolved": "https://registry.npmjs.org/bl/-/bl-4.1.0.tgz",
      "integrity": "sha512-1W07cM9gS6DcLperZfFSj+bWLtaPGSOHWhPiGzXmvVJbRLdG82sH/Kn8EtW1VqWVA54AKf2h5k5BbnIbwF3h6w==",
      "license": "MIT",
      "optional": true,
      "dependencies": {
        "buffer": "^5.5.0",
        "inherits": "^2.0.4",
        "readable-stream": "^3.4.0"
      }
    },
    "node_modules/buffer": {
      "version": "5.7.1",
      "resolved": "https://registry.npmjs.org/buffer/-/buffer-5.7.1.tgz",
      "integrity": "sha512-EHcyIPBQ4BSGlvjB16k5KgAJ27CIsHY/2JBmCRReo48y9rQ3MaUzWX3KVlBa4U7MyX02HdVj0K7C3WaB3ju7FQ==",
      "funding": [
        {
          "type": "github",
          "url": "https://github.com/sponsors/feross"
        },
        {
          "type": "patreon",
          "url": "https://www.patreon.com/feross"
        },
        {
          "type": "consulting",
          "url": "https://feross.org/support"
        }
      ],
      "license": "MIT",
      "optional": true,
      "dependencies": {
        "base64-js": "^1.3.1",
        "ieee754": "^1.1.13"
      }
    },
    "node_modules/canvas": {
      "version": "3.2.0",
      "resolved": "https://registry.npmjs.org/canvas/-/canvas-3.2.0.tgz",
      "integrity": "sha512-jk0GxrLtUEmW/TmFsk2WghvgHe8B0pxGilqCL21y8lHkPUGa6FTsnCNtHPOzT8O3y+N+m3espawV80bbBlgfTA==",
      "hasInstallScript": true,
      "license": "MIT",
      "optional": true,
      "dependencies": {
        "node-addon-api": "^7.0.0",
        "prebuild-install": "^7.1.3"
      },
      "engines": {
        "node": "^18.12.0 || >= 20.9.0"
      }
    },
    "node_modules/chownr": {
      "version": "1.1.4",
      "resolved": "https://registry.npmjs.org/chownr/-/chownr-1.1.4.tgz",
      "integrity": "sha512-jJ0bqzaylmJtVnNgzTeSOs8DPavpbYgEr/b0YL8/2GO3xJEhInFmhKMUnEJQjZumK7KXGFhUy89PrsJWlakBVg==",
      "license": "ISC",
      "optional": true
    },
    "node_modules/commander": {
      "version": "13.1.0",
      "license": "MIT",
      "engines": {
        "node": ">=18"
      }
    },
    "node_modules/convert-source-map": {
      "version": "2.0.0",
      "license": "MIT"
    },
    "node_modules/core-js": {
      "version": "3.47.0",
      "hasInstallScript": true,
      "license": "MIT",
      "funding": {
        "type": "opencollective",
        "url": "https://opencollective.com/core-js"
      }
    },
    "node_modules/cwise-compiler": {
      "version": "1.1.3",
      "license": "MIT",
      "dependencies": {
        "uniq": "^1.0.0"
      }
    },
    "node_modules/decompress-response": {
      "version": "6.0.0",
      "resolved": "https://registry.npmjs.org/decompress-response/-/decompress-response-6.0.0.tgz",
      "integrity": "sha512-aW35yZM6Bb/4oJlZncMH2LCoZtJXTRxES17vE3hoRiowU2kWHaJKFkSBDnDR+cm9J+9QhXmREyIfv0pji9ejCQ==",
      "license": "MIT",
      "optional": true,
      "dependencies": {
        "mimic-response": "^3.1.0"
      },
      "engines": {
        "node": ">=10"
      },
      "funding": {
        "url": "https://github.com/sponsors/sindresorhus"
      }
    },
    "node_modules/deep-extend": {
      "version": "0.6.0",
      "resolved": "https://registry.npmjs.org/deep-extend/-/deep-extend-0.6.0.tgz",
      "integrity": "sha512-LOHxIOaPYdHlJRtCQfDIVZtfw/ufM8+rVj649RIHzcm/vGwQRXFt6OPqIFWsm2XEMrNIEtWR64sY1LEKD2vAOA==",
      "license": "MIT",
      "optional": true,
      "engines": {
        "node": ">=4.0.0"
      }
    },
    "node_modules/detect-libc": {
      "version": "2.1.2",
      "license": "Apache-2.0",
      "engines": {
        "node": ">=8"
      }
    },
    "node_modules/end-of-stream": {
      "version": "1.4.5",
      "resolved": "https://registry.npmjs.org/end-of-stream/-/end-of-stream-1.4.5.tgz",
      "integrity": "sha512-ooEGc6HP26xXq/N+GCGOT0JKCLDGrq2bQUZrQ7gyrJiZANJ/8YDTxTpQBXGMn+WbIQXNVpyWymm7KYVICQnyOg==",
      "license": "MIT",
      "optional": true,
      "dependencies": {
        "once": "^1.4.0"
      }
    },
    "node_modules/esbuild": {
      "version": "0.25.3",
      "dev": true,
      "hasInstallScript": true,
      "license": "MIT",
      "bin": {
        "esbuild": "bin/esbuild"
      },
      "engines": {
        "node": ">=18"
      },
      "optionalDependencies": {
        "@esbuild/aix-ppc64": "0.25.3",
        "@esbuild/android-arm": "0.25.3",
        "@esbuild/android-arm64": "0.25.3",
        "@esbuild/android-x64": "0.25.3",
        "@esbuild/darwin-arm64": "0.25.3",
        "@esbuild/darwin-x64": "0.25.3",
        "@esbuild/freebsd-arm64": "0.25.3",
        "@esbuild/freebsd-x64": "0.25.3",
        "@esbuild/linux-arm": "0.25.3",
        "@esbuild/linux-arm64": "0.25.3",
        "@esbuild/linux-ia32": "0.25.3",
        "@esbuild/linux-loong64": "0.25.3",
        "@esbuild/linux-mips64el": "0.25.3",
        "@esbuild/linux-ppc64": "0.25.3",
        "@esbuild/linux-riscv64": "0.25.3",
        "@esbuild/linux-s390x": "0.25.3",
        "@esbuild/linux-x64": "0.25.3",
        "@esbuild/netbsd-arm64": "0.25.3",
        "@esbuild/netbsd-x64": "0.25.3",
        "@esbuild/openbsd-arm64": "0.25.3",
        "@esbuild/openbsd-x64": "0.25.3",
        "@esbuild/sunos-x64": "0.25.3",
        "@esbuild/win32-arm64": "0.25.3",
        "@esbuild/win32-ia32": "0.25.3",
        "@esbuild/win32-x64": "0.25.3"
      }
    },
    "node_modules/esbuild-plugin-text-replace": {
      "version": "1.3.0",
      "license": "bsd-2-clause",
      "dependencies": {
        "ts-replace-all": "^1.0.0"
      },
      "engines": {
        "node": ">=10.1.0"
      }
    },
    "node_modules/esbuild-wasm": {
      "version": "0.25.12",
      "license": "MIT",
      "bin": {
        "esbuild": "bin/esbuild"
      },
      "engines": {
        "node": ">=18"
      }
    },
    "node_modules/expand-template": {
      "version": "2.0.3",
      "resolved": "https://registry.npmjs.org/expand-template/-/expand-template-2.0.3.tgz",
      "integrity": "sha512-XYfuKMvj4O35f/pOXLObndIRvyQ+/+6AhODh+OKWj9S9498pHHn/IMszH+gt0fBCRWMNfk1ZSp5x3AifmnI2vg==",
      "license": "(MIT OR WTFPL)",
      "optional": true,
      "engines": {
        "node": ">=6"
      }
    },
    "node_modules/fdir": {
      "version": "6.4.4",
      "dev": true,
      "license": "MIT",
      "peerDependencies": {
        "picomatch": "^3 || ^4"
      },
      "peerDependenciesMeta": {
        "picomatch": {
          "optional": true
        }
      }
    },
    "node_modules/fflate": {
      "version": "0.7.3",
      "resolved": "https://registry.npmjs.org/fflate/-/fflate-0.7.3.tgz",
      "integrity": "sha512-0Zz1jOzJWERhyhsimS54VTqOteCNwRtIlh8isdL0AXLo0g7xNTfTL7oWrkmCnPhZGocKIkWHBistBrrpoNH3aw==",
      "license": "MIT"
    },
    "node_modules/file-uri-to-path": {
      "version": "1.0.0",
      "resolved": "https://registry.npmjs.org/file-uri-to-path/-/file-uri-to-path-1.0.0.tgz",
      "integrity": "sha512-0Zt+s3L7Vf1biwWZ29aARiVYLx7iMGnEUl9x33fbB/j3jR81u/O2LbqK+Bm1CDSNDKVtJ/YjwY7TUd5SkeLQLw==",
      "license": "MIT",
      "optional": true
    },
    "node_modules/fs-constants": {
      "version": "1.0.0",
      "resolved": "https://registry.npmjs.org/fs-constants/-/fs-constants-1.0.0.tgz",
      "integrity": "sha512-y6OAwoSIf7FyjMIv94u+b5rdheZEjzR63GTyZJm5qh4Bi+2YgwLCcI/fPFZkL5PSixOt6ZNKm+w+Hfp/Bciwow==",
      "license": "MIT",
      "optional": true
    },
    "node_modules/fsevents": {
      "version": "2.3.3",
      "dev": true,
      "license": "MIT",
      "optional": true,
      "os": [
        "darwin"
      ],
      "engines": {
        "node": "^8.16.0 || ^10.6.0 || >=11.0.0"
      }
    },
    "node_modules/github-from-package": {
      "version": "0.0.0",
      "resolved": "https://registry.npmjs.org/github-from-package/-/github-from-package-0.0.0.tgz",
      "integrity": "sha512-SyHy3T1v2NUXn29OsWdxmK6RwHD+vkj3v8en8AOBZ1wBQ/hCAQ5bAQTD02kW4W9tUp/3Qh6J8r9EvntiyCmOOw==",
      "license": "MIT",
      "optional": true
    },
    "node_modules/ieee754": {
      "version": "1.2.1",
      "resolved": "https://registry.npmjs.org/ieee754/-/ieee754-1.2.1.tgz",
      "integrity": "sha512-dcyqhDvX1C46lXZcVqCpK+FtMRQVdIMN6/Df5js2zouUsqG7I6sFxitIC+7KYK29KdXOLHdu9zL4sFnoVQnqaA==",
      "funding": [
        {
          "type": "github",
          "url": "https://github.com/sponsors/feross"
        },
        {
          "type": "patreon",
          "url": "https://www.patreon.com/feross"
        },
        {
          "type": "consulting",
          "url": "https://feross.org/support"
        }
      ],
      "license": "BSD-3-Clause",
      "optional": true
    },
    "node_modules/inherits": {
      "version": "2.0.4",
      "resolved": "https://registry.npmjs.org/inherits/-/inherits-2.0.4.tgz",
      "integrity": "sha512-k/vGaX4/Yla3WzyMCvTQOXYeIHvqOKtnqBduzTHpzpQZzAskKMhZ2K+EnBiSM9zGSoIFeMpXKxa4dYeZIQqewQ==",
      "license": "ISC",
      "optional": true
    },
    "node_modules/ini": {
      "version": "1.3.8",
      "resolved": "https://registry.npmjs.org/ini/-/ini-1.3.8.tgz",
      "integrity": "sha512-JV/yugV2uzW5iMRSiZAyDtQd+nxtUnjeLt0acNdw98kKLrvuRVyB80tsREOE7yvGVgalhZ6RNXCmEHkUKBKxew==",
      "license": "ISC",
      "optional": true
    },
    "node_modules/iota-array": {
      "version": "1.0.0",
      "license": "MIT"
    },
    "node_modules/is-buffer": {
      "version": "1.1.6",
      "license": "MIT"
    },
    "node_modules/jsep": {
      "version": "1.4.0",
      "resolved": "https://registry.npmjs.org/jsep/-/jsep-1.4.0.tgz",
      "integrity": "sha512-B7qPcEVE3NVkmSJbaYxvv4cHkVW7DQsZz13pUMrfS8z8Q/BuShN+gcTXrUlPiGqM2/t/EEaI030bpxMqY8gMlw==",
      "license": "MIT",
      "engines": {
        "node": ">= 10.16.0"
      }
    },
    "node_modules/jsonpath-plus": {
      "version": "10.1.0",
      "resolved": "https://registry.npmjs.org/jsonpath-plus/-/jsonpath-plus-10.1.0.tgz",
      "integrity": "sha512-gHfV1IYqH8uJHYVTs8BJX1XKy2/rR93+f8QQi0xhx95aCiXn1ettYAd5T+7FU6wfqyDoX/wy0pm/fL3jOKJ9Lg==",
      "license": "MIT",
      "dependencies": {
        "@jsep-plugin/assignment": "^1.2.1",
        "@jsep-plugin/regex": "^1.0.3",
        "jsep": "^1.3.9"
      },
      "bin": {
        "jsonpath": "bin/jsonpath-cli.js",
        "jsonpath-plus": "bin/jsonpath-cli.js"
      },
      "engines": {
        "node": ">=18.0.0"
      }
    },
    "node_modules/ktx-parse": {
      "version": "1.1.0",
      "license": "MIT"
    },
    "node_modules/manifold-3d": {
      "version": "3.3.2",
      "resolved": "https://registry.npmjs.org/manifold-3d/-/manifold-3d-3.3.2.tgz",
      "integrity": "sha512-Xx+S7kkbqlZxSPfBKH5yVKDO6k/eW7JRvnG1dKCFO0D4zjifOV5GM18TR0sREDcbKAzglHZ5OoxxpZRkxg6U5A==",
      "license": "Apache-2.0",
      "dependencies": {
        "@gltf-transform/core": "^4.2.0",
        "@gltf-transform/extensions": "^4.2.0",
        "@gltf-transform/functions": "^4.2.0",
        "@jridgewell/trace-mapping": "^0.3.31",
        "@jscadui/3mf-export": "^0.5.0",
        "commander": "^13.1.0",
        "convert-source-map": "^2.0.0",
        "esbuild-plugin-text-replace": "^1.3.0",
        "esbuild-wasm": "^0.25.11",
        "fflate": "^0.8.0"
      },
      "bin": {
        "manifold-cad": "bin/manifold-cad"
      }
    },
    "node_modules/manifold-3d/node_modules/fflate": {
      "version": "0.8.2",
      "resolved": "https://registry.npmjs.org/fflate/-/fflate-0.8.2.tgz",
      "integrity": "sha512-cPJU47OaAoCbg0pBvzsgpTPhmhqI5eJjh/JIu8tPj5q+T7iLvW/JAYUqmE7KOB4R1ZyEhzBaIQpQpardBF5z8A==",
      "license": "MIT"
    },
    "node_modules/mimic-response": {
      "version": "3.1.0",
      "resolved": "https://registry.npmjs.org/mimic-response/-/mimic-response-3.1.0.tgz",
      "integrity": "sha512-z0yWI+4FDrrweS8Zmt4Ej5HdJmky15+L2e6Wgn3+iK5fWzb6T3fhNFq2+MeTRb064c6Wr4N/wv0DzQTjNzHNGQ==",
      "license": "MIT",
      "optional": true,
      "engines": {
        "node": ">=10"
      },
      "funding": {
        "url": "https://github.com/sponsors/sindresorhus"
      }
    },
    "node_modules/minimist": {
      "version": "1.2.8",
      "resolved": "https://registry.npmjs.org/minimist/-/minimist-1.2.8.tgz",
      "integrity": "sha512-2yyAR8qBkN3YuheJanUpWC5U3bb5osDywNB8RzDVlDwDHbocAJveqqj1u8+SVD7jkWT4yvsHCpWqqWqAxb0zCA==",
      "license": "MIT",
      "optional": true,
      "funding": {
        "url": "https://github.com/sponsors/ljharb"
      }
    },
    "node_modules/mkdirp-classic": {
      "version": "0.5.3",
      "resolved": "https://registry.npmjs.org/mkdirp-classic/-/mkdirp-classic-0.5.3.tgz",
      "integrity": "sha512-gKLcREMhtuZRwRAfqP3RFW+TK4JqApVBtOIftVgjuABpAtpxhPGaDcfvbhNvD0B8iD1oUr/txX35NjcaY6Ns/A==",
      "license": "MIT",
      "optional": true
    },
    "node_modules/nan": {
      "version": "2.24.0",
      "resolved": "https://registry.npmjs.org/nan/-/nan-2.24.0.tgz",
      "integrity": "sha512-Vpf9qnVW1RaDkoNKFUvfxqAbtI8ncb8OJlqZ9wwpXzWPEsvsB1nvdUi6oYrHIkQ1Y/tMDnr1h4nczS0VB9Xykg==",
      "license": "MIT",
      "optional": true
    },
    "node_modules/nanoid": {
      "version": "3.3.11",
      "dev": true,
      "funding": [
        {
          "type": "github",
          "url": "https://github.com/sponsors/ai"
        }
      ],
      "license": "MIT",
      "bin": {
        "nanoid": "bin/nanoid.cjs"
      },
      "engines": {
        "node": "^10 || ^12 || ^13.7 || ^14 || >=15.0.1"
      }
    },
    "node_modules/napi-build-utils": {
      "version": "2.0.0",
      "resolved": "https://registry.npmjs.org/napi-build-utils/-/napi-build-utils-2.0.0.tgz",
      "integrity": "sha512-GEbrYkbfF7MoNaoh2iGG84Mnf/WZfB0GdGEsM8wz7Expx/LlWf5U8t9nvJKXSp3qr5IsEbK04cBGhol/KwOsWA==",
      "license": "MIT",
      "optional": true
    },
    "node_modules/ndarray": {
      "version": "1.0.19",
      "license": "MIT",
      "dependencies": {
        "iota-array": "^1.0.0",
        "is-buffer": "^1.0.2"
      }
    },
    "node_modules/ndarray-lanczos": {
      "version": "0.3.0",
      "license": "MIT",
      "dependencies": {
        "@types/ndarray": "^1.0.11",
        "ndarray": "^1.0.19"
      }
    },
    "node_modules/ndarray-ops": {
      "version": "1.2.2",
      "license": "MIT",
      "dependencies": {
        "cwise-compiler": "^1.0.0"
      }
    },
    "node_modules/ndarray-pixels": {
      "version": "5.0.1",
      "license": "MIT",
      "dependencies": {
        "@types/ndarray": "^1.0.14",
        "ndarray": "^1.0.19",
        "ndarray-ops": "^1.2.2",
        "sharp": "^0.34.0"
      }
    },
    "node_modules/node-abi": {
      "version": "3.85.0",
      "resolved": "https://registry.npmjs.org/node-abi/-/node-abi-3.85.0.tgz",
      "integrity": "sha512-zsFhmbkAzwhTft6nd3VxcG0cvJsT70rL+BIGHWVq5fi6MwGrHwzqKaxXE+Hl2GmnGItnDKPPkO5/LQqjVkIdFg==",
      "license": "MIT",
      "optional": true,
      "dependencies": {
        "semver": "^7.3.5"
      },
      "engines": {
        "node": ">=10"
      }
    },
    "node_modules/node-addon-api": {
      "version": "7.1.1",
      "resolved": "https://registry.npmjs.org/node-addon-api/-/node-addon-api-7.1.1.tgz",
      "integrity": "sha512-5m3bsyrjFWE1xf7nz7YXdN4udnVtXK6/Yfgn5qnahL6bCkf2yKt4k3nuTKAtT4r3IG8JNR2ncsIMdZuAzJjHQQ==",
      "license": "MIT",
      "optional": true
    },
    "node_modules/once": {
      "version": "1.4.0",
      "resolved": "https://registry.npmjs.org/once/-/once-1.4.0.tgz",
      "integrity": "sha512-lNaJgI+2Q5URQBkccEKHTQOPaXdUxnZZElQTZY0MFUAuaEqe1E+Nyvgdz/aIyNi6Z9MzO5dv1H8n58/GELp3+w==",
      "license": "ISC",
      "optional": true,
      "dependencies": {
        "wrappy": "1"
      }
    },
    "node_modules/onml": {
      "version": "1.2.0",
      "resolved": "https://registry.npmjs.org/onml/-/onml-1.2.0.tgz",
      "integrity": "sha512-olqYAg18XoHAhm7tK9DdBCOVdts70DGmMgCNLOWyqZokht2utgGSKBB4JHi6pBZpmioAhcYlxK+91L3tsrz+GA==",
      "license": "MIT",
      "dependencies": {
        "sax": "^1.2.1"
      }
    },
    "node_modules/picocolors": {
      "version": "1.1.1",
      "dev": true,
      "license": "ISC"
    },
    "node_modules/picomatch": {
      "version": "4.0.2",
      "dev": true,
      "license": "MIT",
      "engines": {
        "node": ">=12"
      },
      "funding": {
        "url": "https://github.com/sponsors/jonschlinkert"
      }
    },
    "node_modules/playcanvas": {
      "version": "2.14.4",
      "license": "MIT",
      "dependencies": {
        "@types/webxr": "^0.5.24",
        "@webgpu/types": "^0.1.66"
      },
      "engines": {
        "node": ">=18.0.0"
      },
      "optionalDependencies": {
        "canvas": "3.2.0"
      }
    },
    "node_modules/postcss": {
      "version": "8.5.3",
      "dev": true,
      "funding": [
        {
          "type": "opencollective",
          "url": "https://opencollective.com/postcss/"
        },
        {
          "type": "tidelift",
          "url": "https://tidelift.com/funding/github/npm/postcss"
        },
        {
          "type": "github",
          "url": "https://github.com/sponsors/ai"
        }
      ],
      "license": "MIT",
      "dependencies": {
        "nanoid": "^3.3.8",
        "picocolors": "^1.1.1",
        "source-map-js": "^1.2.1"
      },
      "engines": {
        "node": "^10 || ^12 || >=14"
      }
    },
    "node_modules/prebuild-install": {
      "version": "7.1.3",
      "resolved": "https://registry.npmjs.org/prebuild-install/-/prebuild-install-7.1.3.tgz",
      "integrity": "sha512-8Mf2cbV7x1cXPUILADGI3wuhfqWvtiLA1iclTDbFRZkgRQS0NqsPZphna9V+HyTEadheuPmjaJMsbzKQFOzLug==",
      "license": "MIT",
      "optional": true,
      "dependencies": {
        "detect-libc": "^2.0.0",
        "expand-template": "^2.0.3",
        "github-from-package": "0.0.0",
        "minimist": "^1.2.3",
        "mkdirp-classic": "^0.5.3",
        "napi-build-utils": "^2.0.0",
        "node-abi": "^3.3.0",
        "pump": "^3.0.0",
        "rc": "^1.2.7",
        "simple-get": "^4.0.0",
        "tar-fs": "^2.0.0",
        "tunnel-agent": "^0.6.0"
      },
      "bin": {
        "prebuild-install": "bin.js"
      },
      "engines": {
        "node": ">=10"
      }
    },
    "node_modules/property-graph": {
      "version": "3.0.0",
      "license": "MIT"
    },
    "node_modules/pump": {
      "version": "3.0.3",
      "resolved": "https://registry.npmjs.org/pump/-/pump-3.0.3.tgz",
      "integrity": "sha512-todwxLMY7/heScKmntwQG8CXVkWUOdYxIvY2s0VWAAMh/nd8SoYiRaKjlr7+iCs984f2P8zvrfWcDDYVb73NfA==",
      "license": "MIT",
      "optional": true,
      "dependencies": {
        "end-of-stream": "^1.1.0",
        "once": "^1.3.1"
      }
    },
    "node_modules/rc": {
      "version": "1.2.8",
      "resolved": "https://registry.npmjs.org/rc/-/rc-1.2.8.tgz",
      "integrity": "sha512-y3bGgqKj3QBdxLbLkomlohkvsA8gdAiUQlSBJnBhfn+BPxg4bc62d8TcBW15wavDfgexCgccckhcZvywyQYPOw==",
      "license": "(BSD-2-Clause OR MIT OR Apache-2.0)",
      "optional": true,
      "dependencies": {
        "deep-extend": "^0.6.0",
        "ini": "~1.3.0",
        "minimist": "^1.2.0",
        "strip-json-comments": "~2.0.1"
      },
      "bin": {
        "rc": "cli.js"
      }
    },
    "node_modules/readable-stream": {
      "version": "3.6.2",
      "resolved": "https://registry.npmjs.org/readable-stream/-/readable-stream-3.6.2.tgz",
      "integrity": "sha512-9u/sniCrY3D5WdsERHzHE4G2YCXqoG5FTHUiCC4SIbr6XcLZBY05ya9EKjYek9O5xOAwjGq+1JdGBAS7Q9ScoA==",
      "license": "MIT",
      "optional": true,
      "dependencies": {
        "inherits": "^2.0.3",
        "string_decoder": "^1.1.1",
        "util-deprecate": "^1.0.1"
      },
      "engines": {
        "node": ">= 6"
      }
    },
    "node_modules/rollup": {
      "version": "4.40.1",
      "dev": true,
      "license": "MIT",
      "dependencies": {
        "@types/estree": "1.0.7"
      },
      "bin": {
        "rollup": "dist/bin/rollup"
      },
      "engines": {
        "node": ">=18.0.0",
        "npm": ">=8.0.0"
      },
      "optionalDependencies": {
        "@rollup/rollup-android-arm-eabi": "4.40.1",
        "@rollup/rollup-android-arm64": "4.40.1",
        "@rollup/rollup-darwin-arm64": "4.40.1",
        "@rollup/rollup-darwin-x64": "4.40.1",
        "@rollup/rollup-freebsd-arm64": "4.40.1",
        "@rollup/rollup-freebsd-x64": "4.40.1",
        "@rollup/rollup-linux-arm-gnueabihf": "4.40.1",
        "@rollup/rollup-linux-arm-musleabihf": "4.40.1",
        "@rollup/rollup-linux-arm64-gnu": "4.40.1",
        "@rollup/rollup-linux-arm64-musl": "4.40.1",
        "@rollup/rollup-linux-loongarch64-gnu": "4.40.1",
        "@rollup/rollup-linux-powerpc64le-gnu": "4.40.1",
        "@rollup/rollup-linux-riscv64-gnu": "4.40.1",
        "@rollup/rollup-linux-riscv64-musl": "4.40.1",
        "@rollup/rollup-linux-s390x-gnu": "4.40.1",
        "@rollup/rollup-linux-x64-gnu": "4.40.1",
        "@rollup/rollup-linux-x64-musl": "4.40.1",
        "@rollup/rollup-win32-arm64-msvc": "4.40.1",
        "@rollup/rollup-win32-ia32-msvc": "4.40.1",
        "@rollup/rollup-win32-x64-msvc": "4.40.1",
        "fsevents": "~2.3.2"
      }
    },
    "node_modules/rxjs": {
      "version": "7.5.5",
      "resolved": "https://registry.npmjs.org/rxjs/-/rxjs-7.5.5.tgz",
      "integrity": "sha512-sy+H0pQofO95VDmFLzyaw9xNJU4KTRSwQIGM6+iG3SypAtCiLDzpeG8sJrNCWn2Up9km+KhkvTdbkrdy+yzZdw==",
      "license": "Apache-2.0",
      "dependencies": {
        "tslib": "^2.1.0"
      }
    },
    "node_modules/safe-buffer": {
      "version": "5.2.1",
      "resolved": "https://registry.npmjs.org/safe-buffer/-/safe-buffer-5.2.1.tgz",
      "integrity": "sha512-rp3So07KcdmmKbGvgaNxQSJr7bGVSVk5S9Eq1F+ppbRo70+YeaDxkw5Dd8NPN+GD6bjnYm2VuPuCXmpuYvmCXQ==",
      "funding": [
        {
          "type": "github",
          "url": "https://github.com/sponsors/feross"
        },
        {
          "type": "patreon",
          "url": "https://www.patreon.com/feross"
        },
        {
          "type": "consulting",
          "url": "https://feross.org/support"
        }
      ],
      "license": "MIT",
      "optional": true
    },
    "node_modules/sax": {
      "version": "1.4.3",
      "resolved": "https://registry.npmjs.org/sax/-/sax-1.4.3.tgz",
      "integrity": "sha512-yqYn1JhPczigF94DMS+shiDMjDowYO6y9+wB/4WgO0Y19jWYk0lQ4tuG5KI7kj4FTp1wxPj5IFfcrz/s1c3jjQ==",
      "license": "BlueOak-1.0.0"
    },
    "node_modules/semver": {
      "version": "7.7.3",
      "license": "ISC",
      "bin": {
        "semver": "bin/semver.js"
      },
      "engines": {
        "node": ">=10"
      }
    },
    "node_modules/sharp": {
      "version": "0.34.5",
      "hasInstallScript": true,
      "license": "Apache-2.0",
      "dependencies": {
        "@img/colour": "^1.0.0",
        "detect-libc": "^2.1.2",
        "semver": "^7.7.3"
      },
      "engines": {
        "node": "^18.17.0 || ^20.3.0 || >=21.0.0"
      },
      "funding": {
        "url": "https://opencollective.com/libvips"
      },
      "optionalDependencies": {
        "@img/sharp-darwin-arm64": "0.34.5",
        "@img/sharp-darwin-x64": "0.34.5",
        "@img/sharp-libvips-darwin-arm64": "1.2.4",
        "@img/sharp-libvips-darwin-x64": "1.2.4",
        "@img/sharp-libvips-linux-arm": "1.2.4",
        "@img/sharp-libvips-linux-arm64": "1.2.4",
        "@img/sharp-libvips-linux-ppc64": "1.2.4",
        "@img/sharp-libvips-linux-riscv64": "1.2.4",
        "@img/sharp-libvips-linux-s390x": "1.2.4",
        "@img/sharp-libvips-linux-x64": "1.2.4",
        "@img/sharp-libvips-linuxmusl-arm64": "1.2.4",
        "@img/sharp-libvips-linuxmusl-x64": "1.2.4",
        "@img/sharp-linux-arm": "0.34.5",
        "@img/sharp-linux-arm64": "0.34.5",
        "@img/sharp-linux-ppc64": "0.34.5",
        "@img/sharp-linux-riscv64": "0.34.5",
        "@img/sharp-linux-s390x": "0.34.5",
        "@img/sharp-linux-x64": "0.34.5",
        "@img/sharp-linuxmusl-arm64": "0.34.5",
        "@img/sharp-linuxmusl-x64": "0.34.5",
        "@img/sharp-wasm32": "0.34.5",
        "@img/sharp-win32-arm64": "0.34.5",
        "@img/sharp-win32-ia32": "0.34.5",
        "@img/sharp-win32-x64": "0.34.5"
      }
    },
    "node_modules/simple-concat": {
      "version": "1.0.1",
      "resolved": "https://registry.npmjs.org/simple-concat/-/simple-concat-1.0.1.tgz",
      "integrity": "sha512-cSFtAPtRhljv69IK0hTVZQ+OfE9nePi/rtJmw5UjHeVyVroEqJXP1sFztKUy1qU+xvz3u/sfYJLa947b7nAN2Q==",
      "funding": [
        {
          "type": "github",
          "url": "https://github.com/sponsors/feross"
        },
        {
          "type": "patreon",
          "url": "https://www.patreon.com/feross"
        },
        {
          "type": "consulting",
          "url": "https://feross.org/support"
        }
      ],
      "license": "MIT",
      "optional": true
    },
    "node_modules/simple-get": {
      "version": "4.0.1",
      "resolved": "https://registry.npmjs.org/simple-get/-/simple-get-4.0.1.tgz",
      "integrity": "sha512-brv7p5WgH0jmQJr1ZDDfKDOSeWWg+OVypG99A/5vYGPqJ6pxiaHLy8nxtFjBA7oMa01ebA9gfh1uMCFqOuXxvA==",
      "funding": [
        {
          "type": "github",
          "url": "https://github.com/sponsors/feross"
        },
        {
          "type": "patreon",
          "url": "https://www.patreon.com/feross"
        },
        {
          "type": "consulting",
          "url": "https://feross.org/support"
        }
      ],
      "license": "MIT",
      "optional": true,
      "dependencies": {
        "decompress-response": "^6.0.0",
        "once": "^1.3.1",
        "simple-concat": "^1.0.0"
      }
    },
    "node_modules/source-map-js": {
      "version": "1.2.1",
      "dev": true,
      "license": "BSD-3-Clause",
      "engines": {
        "node": ">=0.10.0"
      }
    },
    "node_modules/string_decoder": {
      "version": "1.3.0",
      "resolved": "https://registry.npmjs.org/string_decoder/-/string_decoder-1.3.0.tgz",
      "integrity": "sha512-hkRX8U1WjJFd8LsDJ2yQ/wWWxaopEsABU1XfkM8A+j0+85JAGppt16cr1Whg6KIbb4okU6Mql6BOj+uup/wKeA==",
      "license": "MIT",
      "optional": true,
      "dependencies": {
        "safe-buffer": "~5.2.0"
      }
    },
    "node_modules/strip-json-comments": {
      "version": "2.0.1",
      "resolved": "https://registry.npmjs.org/strip-json-comments/-/strip-json-comments-2.0.1.tgz",
      "integrity": "sha512-4gB8na07fecVVkOI6Rs4e7T6NOTki5EmL7TUduTs6bu3EdnSycntVJ4re8kgZA+wx9IueI2Y11bfbgwtzuE0KQ==",
      "license": "MIT",
      "optional": true,
      "engines": {
        "node": ">=0.10.0"
      }
    },
    "node_modules/tar-fs": {
      "version": "2.1.4",
      "resolved": "https://registry.npmjs.org/tar-fs/-/tar-fs-2.1.4.tgz",
      "integrity": "sha512-mDAjwmZdh7LTT6pNleZ05Yt65HC3E+NiQzl672vQG38jIrehtJk/J3mNwIg+vShQPcLF/LV7CMnDW6vjj6sfYQ==",
      "license": "MIT",
      "optional": true,
      "dependencies": {
        "chownr": "^1.1.1",
        "mkdirp-classic": "^0.5.2",
        "pump": "^3.0.0",
        "tar-stream": "^2.1.4"
      }
    },
    "node_modules/tar-stream": {
      "version": "2.2.0",
      "resolved": "https://registry.npmjs.org/tar-stream/-/tar-stream-2.2.0.tgz",
      "integrity": "sha512-ujeqbceABgwMZxEJnk2HDY2DlnUZ+9oEcb1KzTVfYHio0UE6dG71n60d8D2I4qNvleWrrXpmjpt7vZeF1LnMZQ==",
      "license": "MIT",
      "optional": true,
      "dependencies": {
        "bl": "^4.0.3",
        "end-of-stream": "^1.4.1",
        "fs-constants": "^1.0.0",
        "inherits": "^2.0.3",
        "readable-stream": "^3.1.1"
      },
      "engines": {
        "node": ">=6"
      }
    },
    "node_modules/tinyglobby": {
      "version": "0.2.13",
      "dev": true,
      "license": "MIT",
      "dependencies": {
        "fdir": "^6.4.4",
        "picomatch": "^4.0.2"
      },
      "engines": {
        "node": ">=12.0.0"
      },
      "funding": {
        "url": "https://github.com/sponsors/SuperchupuDev"
      }
    },
    "node_modules/ts-replace-all": {
      "version": "1.0.0",
      "license": "MIT",
      "dependencies": {
        "core-js": "^3.4.1"
      }
    },
    "node_modules/tslib": {
      "version": "2.8.1",
      "resolved": "https://registry.npmjs.org/tslib/-/tslib-2.8.1.tgz",
      "integrity": "sha512-oJFu94HQb+KVduSUQL7wnpmqnfmLsOA/nAh6b6EH0wCEoK0/mPeXU6c3wKDV83MkOuHPRHtSXKKU99IBazS/2w==",
      "license": "0BSD"
    },
    "node_modules/tunnel-agent": {
      "version": "0.6.0",
      "resolved": "https://registry.npmjs.org/tunnel-agent/-/tunnel-agent-0.6.0.tgz",
      "integrity": "sha512-McnNiV1l8RYeY8tBgEpuodCC1mLUdbSN+CYBL7kJsJNInOP8UjDDEwdk6Mw60vdLLrr5NHKZhMAOSrR2NZuQ+w==",
      "license": "Apache-2.0",
      "optional": true,
      "dependencies": {
        "safe-buffer": "^5.0.1"
      },
      "engines": {
        "node": "*"
      }
    },
    "node_modules/typescript": {
      "version": "5.8.3",
      "dev": true,
      "license": "Apache-2.0",
      "bin": {
        "tsc": "bin/tsc",
        "tsserver": "bin/tsserver"
      },
      "engines": {
        "node": ">=14.17"
      }
    },
    "node_modules/uniq": {
      "version": "1.0.1",
      "license": "MIT"
    },
    "node_modules/util-deprecate": {
      "version": "1.0.2",
      "resolved": "https://registry.npmjs.org/util-deprecate/-/util-deprecate-1.0.2.tgz",
      "integrity": "sha512-EPD5q1uXyFxJpCrLnCc1nHnq3gOa6DZBocAIiI2TaSCA7VCJ1UJDMagCzIkXNsUYfD1daK//LTEQ8xiIbrHtcw==",
      "license": "MIT",
      "optional": true
    },
    "node_modules/verb-nurbs-web": {
      "version": "2.1.3",
      "resolved": "https://registry.npmjs.org/verb-nurbs-web/-/verb-nurbs-web-2.1.3.tgz",
      "integrity": "sha512-2PvI2bx7dn0r3kWtk+JuDIDZ+p7I5Piu8y6/ZNhUVpilOyHKK1nNzLHtgown+dFOmBnKnuAKIMh1xn/5kzrxZA==",
      "license": "MIT",
      "optionalDependencies": {
        "webworker-threads": "^0.7.12"
      }
    },
    "node_modules/vite": {
      "version": "6.3.4",
      "dev": true,
      "license": "MIT",
      "dependencies": {
        "esbuild": "^0.25.0",
        "fdir": "^6.4.4",
        "picomatch": "^4.0.2",
        "postcss": "^8.5.3",
        "rollup": "^4.34.9",
        "tinyglobby": "^0.2.13"
      },
      "bin": {
        "vite": "bin/vite.js"
      },
      "engines": {
        "node": "^18.0.0 || ^20.0.0 || >=22.0.0"
      },
      "funding": {
        "url": "https://github.com/vitejs/vite?sponsor=1"
      },
      "optionalDependencies": {
        "fsevents": "~2.3.3"
      },
      "peerDependencies": {
        "@types/node": "^18.0.0 || ^20.0.0 || >=22.0.0",
        "jiti": ">=1.21.0",
        "less": "*",
        "lightningcss": "^1.21.0",
        "sass": "*",
        "sass-embedded": "*",
        "stylus": "*",
        "sugarss": "*",
        "terser": "^5.16.0",
        "tsx": "^4.8.1",
        "yaml": "^2.4.2"
      },
      "peerDependenciesMeta": {
        "@types/node": {
          "optional": true
        },
        "jiti": {
          "optional": true
        },
        "less": {
          "optional": true
        },
        "lightningcss": {
          "optional": true
        },
        "sass": {
          "optional": true
        },
        "sass-embedded": {
          "optional": true
        },
        "stylus": {
          "optional": true
        },
        "sugarss": {
          "optional": true
        },
        "terser": {
          "optional": true
        },
        "tsx": {
          "optional": true
        },
        "yaml": {
          "optional": true
        }
      }
    },
    "node_modules/webworker-threads": {
      "version": "0.7.17",
      "resolved": "https://registry.npmjs.org/webworker-threads/-/webworker-threads-0.7.17.tgz",
      "integrity": "sha512-Y2w2aXBbDLk9IzTEb9u+MsODC3s4YlGI7g4h0t+1OAwIO8yBI9rQL35ZYlyayiCuWu1dZMH/P7kGU8OwW7YsyA==",
      "hasInstallScript": true,
      "license": "(MIT AND Apache-2.0)",
      "optional": true,
      "dependencies": {
        "bindings": "^1.3.0",
        "nan": "^2.11.0"
      },
      "engines": {
        "node": ">= 0.10.16"
      }
    },
    "node_modules/wrappy": {
      "version": "1.0.2",
      "resolved": "https://registry.npmjs.org/wrappy/-/wrappy-1.0.2.tgz",
      "integrity": "sha512-l4Sp/DRseor9wL6EvV2+TuQn63dMkPjZ/sp9XkghTEbV9KlPS1xUsZ3u7/IQO4wxtcFB4bgpQPRcR3QCvezPcQ==",
      "license": "ISC",
      "optional": true
    }
  }
}
