{
    "name": "bitbybit-core",
    "version": "0.9.6",
    "lockfileVersion": 2,
    "requires": true,
    "packages": {
        "": {
            "name": "bitbybit-core",
            "version": "0.9.6",
            "license": "MIT",
            "dependencies": {
                "@babylonjs/core": "5.42.2",
                "@babylonjs/gui": "5.42.2",
                "@babylonjs/loaders": "5.42.2",
                "@babylonjs/materials": "5.42.2",
                "@babylonjs/serializers": "5.42.2",
                "@jscad/io-utils": "2.0.13",
                "@jscad/modeling": "2.7.2",
                "@jscad/stl-serializer": "2.1.3",
                "rxjs": "7.5.5",
                "verb-nurbs-web": "2.1.3"
            }
        },
        "node_modules/@babylonjs/core": {
            "version": "5.42.2",
            "resolved": "https://registry.npmjs.org/@babylonjs/core/-/core-5.42.2.tgz",
            "integrity": "sha512-BMd3XPX2Bjh8SOtnK7pdD0mvpkHYMJ3P6MBCJsdh+dLGRWnPwkomBlAAyGss67Oe6037fk6RkBaUUhXVJ7qG6g=="
        },
        "node_modules/@babylonjs/gui": {
            "version": "5.42.2",
            "resolved": "https://registry.npmjs.org/@babylonjs/gui/-/gui-5.42.2.tgz",
            "integrity": "sha512-axrQasbQcffC0CiU0Gkaz6cA1I7EaUqBWSyz5qRs2msH7vV0IxH4kiOclbx+7ZEbhmCniRFVOvnpyW04VF2fQA==",
            "peerDependencies": {
                "@babylonjs/core": "^5.22.0"
            }
        },
        "node_modules/@babylonjs/loaders": {
            "version": "5.42.2",
            "resolved": "https://registry.npmjs.org/@babylonjs/loaders/-/loaders-5.42.2.tgz",
            "integrity": "sha512-YGZun82rAnVyYQVssJ/HvVOWaE1B3HuMZ6bg83/9/ibBuixifhuJd14Cdx4WvPWuvIZkREfno5LPDDLSAV4A6Q==",
            "peerDependencies": {
                "@babylonjs/core": "^5.22.0",
                "babylonjs-gltf2interface": "^5.22.0"
            }
        },
        "node_modules/@babylonjs/materials": {
            "version": "5.42.2",
            "resolved": "https://registry.npmjs.org/@babylonjs/materials/-/materials-5.42.2.tgz",
            "integrity": "sha512-Q/D4lLtTnPKbsdjz6boBjk6edK8SBjSpg0seLm3CO7I1fLYXBRD6ldttlOktMBUJrmwAjjF6HYXbntH1KjY84Q==",
            "peerDependencies": {
                "@babylonjs/core": "^5.22.0"
            }
        },
        "node_modules/@babylonjs/serializers": {
            "version": "5.42.2",
            "resolved": "https://registry.npmjs.org/@babylonjs/serializers/-/serializers-5.42.2.tgz",
            "integrity": "sha512-tj2tPQGdXrwmD1eqo96nokYzXsrVI3cjWea4Zi5rh0ekxjNpaQ4oCUzBKd6BBFIJWkzfMsOFf4hgIO9N8WgMPw==",
            "peerDependencies": {
                "@babylonjs/core": "^5.22.0",
                "babylonjs-gltf2interface": "^5.22.0"
            }
        },
        "node_modules/@jscad/array-utils": {
            "version": "2.1.1",
            "resolved": "https://registry.npmjs.org/@jscad/array-utils/-/array-utils-2.1.1.tgz",
            "integrity": "sha512-Zwg1FEsStvbp1QZZtReHTiwSBI4ImPXmR17VSVaWoUFCCAfcBcedWWZFa5MwqNCfAK/Nk96mgfsMTqw2ePZFeA=="
        },
        "node_modules/@jscad/io-utils": {
            "version": "2.0.13",
            "resolved": "https://registry.npmjs.org/@jscad/io-utils/-/io-utils-2.0.13.tgz",
            "integrity": "sha512-25T00/baUJnHrG2YODRAycXwAC7gS4501UBkhLo+lpqq9vtryQU8i0At/P8CioqIoAJF3hGspSBA4/E+2nV9jg=="
        },
        "node_modules/@jscad/modeling": {
            "version": "2.7.2",
            "resolved": "https://registry.npmjs.org/@jscad/modeling/-/modeling-2.7.2.tgz",
            "integrity": "sha512-18NuBOWemX/1l8fe3IeftO6nflUmg0zS+iD2wapoo3Qfi/8QqXWmH70G9qWrRgUIdLSR7trnm/dDWbNGI3wqWg=="
        },
        "node_modules/@jscad/stl-serializer": {
            "version": "2.1.3",
            "resolved": "https://registry.npmjs.org/@jscad/stl-serializer/-/stl-serializer-2.1.3.tgz",
            "integrity": "sha512-Wcmhlzqrkmj02hzK5E3AU+QVwFPTDf4F26wX+H4zLzVrVwba9TWCJA9NVxh3+uRctyxS6oOyEhB1978Pj9hOgQ==",
            "dependencies": {
                "@jscad/array-utils": "2.1.1",
                "@jscad/modeling": "2.7.2"
            }
        },
        "node_modules/babylonjs-gltf2interface": {
            "version": "5.42.2",
            "resolved": "https://registry.npmjs.org/babylonjs-gltf2interface/-/babylonjs-gltf2interface-5.42.2.tgz",
            "integrity": "sha512-WXWYnmgb7VyaXRLHTdZpochGyTaEmvWAVbkstLLFjp3RwxGHS3wYWq2BQwL8HA9edfwC2QFqLjXzSo2Ky6b1RA==",
            "peer": true
        },
        "node_modules/bindings": {
            "version": "1.5.0",
            "resolved": "https://registry.npmjs.org/bindings/-/bindings-1.5.0.tgz",
            "integrity": "sha512-p2q/t/mhvuOj/UeLlV6566GD/guowlr0hHxClI0W9m7MWYkL1F0hLo+0Aexs9HSPCtR1SXQ0TD3MMKrXZajbiQ==",
            "optional": true,
            "dependencies": {
                "file-uri-to-path": "1.0.0"
            }
        },
        "node_modules/file-uri-to-path": {
            "version": "1.0.0",
            "resolved": "https://registry.npmjs.org/file-uri-to-path/-/file-uri-to-path-1.0.0.tgz",
            "integrity": "sha512-0Zt+s3L7Vf1biwWZ29aARiVYLx7iMGnEUl9x33fbB/j3jR81u/O2LbqK+Bm1CDSNDKVtJ/YjwY7TUd5SkeLQLw==",
            "optional": true
        },
        "node_modules/nan": {
            "version": "2.17.0",
            "resolved": "https://registry.npmjs.org/nan/-/nan-2.17.0.tgz",
            "integrity": "sha512-2ZTgtl0nJsO0KQCjEpxcIr5D+Yv90plTitZt9JBfQvVJDS5seMl3FOvsh3+9CoYWXf/1l5OaZzzF6nDm4cagaQ==",
            "optional": true
        },
        "node_modules/rxjs": {
            "version": "7.5.5",
            "resolved": "https://registry.npmjs.org/rxjs/-/rxjs-7.5.5.tgz",
            "integrity": "sha512-sy+H0pQofO95VDmFLzyaw9xNJU4KTRSwQIGM6+iG3SypAtCiLDzpeG8sJrNCWn2Up9km+KhkvTdbkrdy+yzZdw==",
            "dependencies": {
                "tslib": "^2.1.0"
            }
        },
        "node_modules/tslib": {
            "version": "2.4.1",
            "resolved": "https://registry.npmjs.org/tslib/-/tslib-2.4.1.tgz",
            "integrity": "sha512-tGyy4dAjRIEwI7BzsB0lynWgOpfqjUdq91XXAlIWD2OwKBH7oCl/GZG/HT4BOHrTlPMOASlMQ7veyTqpmRcrNA=="
        },
        "node_modules/verb-nurbs-web": {
            "version": "2.1.3",
            "resolved": "https://registry.npmjs.org/verb-nurbs-web/-/verb-nurbs-web-2.1.3.tgz",
            "integrity": "sha512-2PvI2bx7dn0r3kWtk+JuDIDZ+p7I5Piu8y6/ZNhUVpilOyHKK1nNzLHtgown+dFOmBnKnuAKIMh1xn/5kzrxZA==",
            "optionalDependencies": {
                "webworker-threads": "^0.7.12"
            }
        },
        "node_modules/webworker-threads": {
            "version": "0.7.17",
            "resolved": "https://registry.npmjs.org/webworker-threads/-/webworker-threads-0.7.17.tgz",
            "integrity": "sha512-Y2w2aXBbDLk9IzTEb9u+MsODC3s4YlGI7g4h0t+1OAwIO8yBI9rQL35ZYlyayiCuWu1dZMH/P7kGU8OwW7YsyA==",
            "hasInstallScript": true,
            "optional": true,
            "dependencies": {
                "bindings": "^1.3.0",
                "nan": "^2.11.0"
            },
            "engines": {
                "node": ">= 0.10.16"
            }
        }
    },
    "dependencies": {
        "@babylonjs/core": {
            "version": "5.42.2",
            "resolved": "https://registry.npmjs.org/@babylonjs/core/-/core-5.42.2.tgz",
            "integrity": "sha512-BMd3XPX2Bjh8SOtnK7pdD0mvpkHYMJ3P6MBCJsdh+dLGRWnPwkomBlAAyGss67Oe6037fk6RkBaUUhXVJ7qG6g=="
        },
        "@babylonjs/gui": {
            "version": "5.42.2",
            "resolved": "https://registry.npmjs.org/@babylonjs/gui/-/gui-5.42.2.tgz",
            "integrity": "sha512-axrQasbQcffC0CiU0Gkaz6cA1I7EaUqBWSyz5qRs2msH7vV0IxH4kiOclbx+7ZEbhmCniRFVOvnpyW04VF2fQA==",
            "requires": {}
        },
        "@babylonjs/loaders": {
            "version": "5.42.2",
            "resolved": "https://registry.npmjs.org/@babylonjs/loaders/-/loaders-5.42.2.tgz",
            "integrity": "sha512-YGZun82rAnVyYQVssJ/HvVOWaE1B3HuMZ6bg83/9/ibBuixifhuJd14Cdx4WvPWuvIZkREfno5LPDDLSAV4A6Q==",
            "requires": {}
        },
        "@babylonjs/materials": {
            "version": "5.42.2",
            "resolved": "https://registry.npmjs.org/@babylonjs/materials/-/materials-5.42.2.tgz",
            "integrity": "sha512-Q/D4lLtTnPKbsdjz6boBjk6edK8SBjSpg0seLm3CO7I1fLYXBRD6ldttlOktMBUJrmwAjjF6HYXbntH1KjY84Q==",
            "requires": {}
        },
        "@babylonjs/serializers": {
            "version": "5.42.2",
            "resolved": "https://registry.npmjs.org/@babylonjs/serializers/-/serializers-5.42.2.tgz",
            "integrity": "sha512-tj2tPQGdXrwmD1eqo96nokYzXsrVI3cjWea4Zi5rh0ekxjNpaQ4oCUzBKd6BBFIJWkzfMsOFf4hgIO9N8WgMPw==",
            "requires": {}
        },
        "@jscad/array-utils": {
            "version": "2.1.1",
            "resolved": "https://registry.npmjs.org/@jscad/array-utils/-/array-utils-2.1.1.tgz",
            "integrity": "sha512-Zwg1FEsStvbp1QZZtReHTiwSBI4ImPXmR17VSVaWoUFCCAfcBcedWWZFa5MwqNCfAK/Nk96mgfsMTqw2ePZFeA=="
        },
        "@jscad/io-utils": {
            "version": "2.0.13",
            "resolved": "https://registry.npmjs.org/@jscad/io-utils/-/io-utils-2.0.13.tgz",
            "integrity": "sha512-25T00/baUJnHrG2YODRAycXwAC7gS4501UBkhLo+lpqq9vtryQU8i0At/P8CioqIoAJF3hGspSBA4/E+2nV9jg=="
        },
        "@jscad/modeling": {
            "version": "2.7.2",
            "resolved": "https://registry.npmjs.org/@jscad/modeling/-/modeling-2.7.2.tgz",
            "integrity": "sha512-18NuBOWemX/1l8fe3IeftO6nflUmg0zS+iD2wapoo3Qfi/8QqXWmH70G9qWrRgUIdLSR7trnm/dDWbNGI3wqWg=="
        },
        "@jscad/stl-serializer": {
            "version": "2.1.3",
            "resolved": "https://registry.npmjs.org/@jscad/stl-serializer/-/stl-serializer-2.1.3.tgz",
            "integrity": "sha512-Wcmhlzqrkmj02hzK5E3AU+QVwFPTDf4F26wX+H4zLzVrVwba9TWCJA9NVxh3+uRctyxS6oOyEhB1978Pj9hOgQ==",
            "requires": {
                "@jscad/array-utils": "2.1.1",
                "@jscad/modeling": "2.7.2"
            }
        },
        "babylonjs-gltf2interface": {
            "version": "5.42.2",
            "resolved": "https://registry.npmjs.org/babylonjs-gltf2interface/-/babylonjs-gltf2interface-5.42.2.tgz",
            "integrity": "sha512-WXWYnmgb7VyaXRLHTdZpochGyTaEmvWAVbkstLLFjp3RwxGHS3wYWq2BQwL8HA9edfwC2QFqLjXzSo2Ky6b1RA==",
            "peer": true
        },
        "bindings": {
            "version": "1.5.0",
            "resolved": "https://registry.npmjs.org/bindings/-/bindings-1.5.0.tgz",
            "integrity": "sha512-p2q/t/mhvuOj/UeLlV6566GD/guowlr0hHxClI0W9m7MWYkL1F0hLo+0Aexs9HSPCtR1SXQ0TD3MMKrXZajbiQ==",
            "optional": true,
            "requires": {
                "file-uri-to-path": "1.0.0"
            }
        },
        "file-uri-to-path": {
            "version": "1.0.0",
            "resolved": "https://registry.npmjs.org/file-uri-to-path/-/file-uri-to-path-1.0.0.tgz",
            "integrity": "sha512-0Zt+s3L7Vf1biwWZ29aARiVYLx7iMGnEUl9x33fbB/j3jR81u/O2LbqK+Bm1CDSNDKVtJ/YjwY7TUd5SkeLQLw==",
            "optional": true
        },
        "nan": {
            "version": "2.17.0",
            "resolved": "https://registry.npmjs.org/nan/-/nan-2.17.0.tgz",
            "integrity": "sha512-2ZTgtl0nJsO0KQCjEpxcIr5D+Yv90plTitZt9JBfQvVJDS5seMl3FOvsh3+9CoYWXf/1l5OaZzzF6nDm4cagaQ==",
            "optional": true
        },
        "rxjs": {
            "version": "7.5.5",
            "resolved": "https://registry.npmjs.org/rxjs/-/rxjs-7.5.5.tgz",
            "integrity": "sha512-sy+H0pQofO95VDmFLzyaw9xNJU4KTRSwQIGM6+iG3SypAtCiLDzpeG8sJrNCWn2Up9km+KhkvTdbkrdy+yzZdw==",
            "requires": {
                "tslib": "^2.1.0"
            }
        },
        "tslib": {
            "version": "2.4.1",
            "resolved": "https://registry.npmjs.org/tslib/-/tslib-2.4.1.tgz",
            "integrity": "sha512-tGyy4dAjRIEwI7BzsB0lynWgOpfqjUdq91XXAlIWD2OwKBH7oCl/GZG/HT4BOHrTlPMOASlMQ7veyTqpmRcrNA=="
        },
        "verb-nurbs-web": {
            "version": "2.1.3",
            "resolved": "https://registry.npmjs.org/verb-nurbs-web/-/verb-nurbs-web-2.1.3.tgz",
            "integrity": "sha512-2PvI2bx7dn0r3kWtk+JuDIDZ+p7I5Piu8y6/ZNhUVpilOyHKK1nNzLHtgown+dFOmBnKnuAKIMh1xn/5kzrxZA==",
            "requires": {
                "webworker-threads": "^0.7.12"
            }
        },
        "webworker-threads": {
            "version": "0.7.17",
            "resolved": "https://registry.npmjs.org/webworker-threads/-/webworker-threads-0.7.17.tgz",
            "integrity": "sha512-Y2w2aXBbDLk9IzTEb9u+MsODC3s4YlGI7g4h0t+1OAwIO8yBI9rQL35ZYlyayiCuWu1dZMH/P7kGU8OwW7YsyA==",
            "optional": true,
            "requires": {
                "bindings": "^1.3.0",
                "nan": "^2.11.0"
            }
        }
    }
}
